
Microsoft Visual Studio Solution File, Format Version 12.00
# Visual Studio Version 17
VisualStudioVersion = 17.0.31903.59
MinimumVisualStudioVersion = 10.0.40219.1
Project("{FAE04EC0-301F-11D3-BF4B-00C04F79EFBC}") = "API", "API\API.csproj", "{254BDFE3-9945-4FFD-BD09-79942FB7E1CC}"
EndProject
Project("{FAE04EC0-301F-11D3-BF4B-00C04F79EFBC}") = "Application", "Application\Application.csproj", "{7BF38195-AF67-404F-A96D-9A300061E627}"
EndProject
Project("{FAE04EC0-301F-11D3-BF4B-00C04F79EFBC}") = "Doamin", "Core\Doamin.csproj", "{14D0177B-1812-4A0B-A9B8-DB24DC35B07B}"
EndProject
Project("{FAE04EC0-301F-11D3-BF4B-00C04F79EFBC}") = "Infrastructure", "Infrastructure\Infrastructure.csproj", "{B2F27CD2-D7BC-43B1-BE0E-A4A43C8CCC6B}"
EndProject
Global
	GlobalSection(SolutionConfigurationPlatforms) = preSolution
		Debug|Any CPU = Debug|Any CPU
		Release|Any CPU = Release|Any CPU
	EndGlobalSection
	GlobalSection(SolutionProperties) = preSolution
		HideSolutionNode = FALSE
	EndGlobalSection
	GlobalSection(ProjectConfigurationPlatforms) = postSolution
		{254BDFE3-9945-4FFD-BD09-79942FB7E1CC}.Debug|Any CPU.ActiveCfg = Debug|Any CPU
		{254BDFE3-9945-4FFD-BD09-79942FB7E1CC}.Debug|Any CPU.Build.0 = Debug|Any CPU
		{254BDFE3-9945-4FFD-BD09-79942FB7E1CC}.Release|Any CPU.ActiveCfg = Release|Any CPU
		{254BDFE3-9945-4FFD-BD09-79942FB7E1CC}.Release|Any CPU.Build.0 = Release|Any CPU
		{7BF38195-AF67-404F-A96D-9A300061E627}.Debug|Any CPU.ActiveCfg = Debug|Any CPU
		{7BF38195-AF67-404F-A96D-9A300061E627}.Debug|Any CPU.Build.0 = Debug|Any CPU
		{7BF38195-AF67-404F-A96D-9A300061E627}.Release|Any CPU.ActiveCfg = Release|Any CPU
		{7BF38195-AF67-404F-A96D-9A300061E627}.Release|Any CPU.Build.0 = Release|Any CPU
		{14D0177B-1812-4A0B-A9B8-DB24DC35B07B}.Debug|Any CPU.ActiveCfg = Debug|Any CPU
		{14D0177B-1812-4A0B-A9B8-DB24DC35B07B}.Debug|Any CPU.Build.0 = Debug|Any CPU
		{14D0177B-1812-4A0B-A9B8-DB24DC35B07B}.Release|Any CPU.ActiveCfg = Release|Any CPU
		{14D0177B-1812-4A0B-A9B8-DB24DC35B07B}.Release|Any CPU.Build.0 = Release|Any CPU
		{B2F27CD2-D7BC-43B1-BE0E-A4A43C8CCC6B}.Debug|Any CPU.ActiveCfg = Debug|Any CPU
		{B2F27CD2-D7BC-43B1-BE0E-A4A43C8CCC6B}.Debug|Any CPU.Build.0 = Debug|Any CPU
		{B2F27CD2-D7BC-43B1-BE0E-A4A43C8CCC6B}.Release|Any CPU.ActiveCfg = Release|Any CPU
		{B2F27CD2-D7BC-43B1-BE0E-A4A43C8CCC6B}.Release|Any CPU.Build.0 = Release|Any CPU
	EndGlobalSection
EndGlobal
